// !$*UTF8*$!
{
	archiveVersion = 1;
	classes = {
	};
	objectVersion = 50;
	objects = {

/* Begin PBXBuildFile section */
		8CD759E623A471BC00C25612 /* AppDelegate.swift in Sources */ = {isa = PBXBuildFile; fileRef = 8CD759E523A471BC00C25612 /* AppDelegate.swift */; };
		8CD759E823A471BC00C25612 /* SceneDelegate.swift in Sources */ = {isa = PBXBuildFile; fileRef = 8CD759E723A471BC00C25612 /* SceneDelegate.swift */; };
		8CD759EA23A471BC00C25612 /* ContentView.swift in Sources */ = {isa = PBXBuildFile; fileRef = 8CD759E923A471BC00C25612 /* ContentView.swift */; };
		8CD759EC23A471BF00C25612 /* Assets.xcassets in Resources */ = {isa = PBXBuildFile; fileRef = 8CD759EB23A471BF00C25612 /* Assets.xcassets */; };
		8CD759EF23A471BF00C25612 /* Preview Assets.xcassets in Resources */ = {isa = PBXBuildFile; fileRef = 8CD759EE23A471BF00C25612 /* Preview Assets.xcassets */; };
		8CD759F223A471BF00C25612 /* LaunchScreen.storyboard in Resources */ = {isa = PBXBuildFile; fileRef = 8CD759F023A471BF00C25612 /* LaunchScreen.storyboard */; };
		8CD759FD23A471C000C25612 /* CalibreSync4Tests.swift in Sources */ = {isa = PBXBuildFile; fileRef = 8CD759FC23A471C000C25612 /* CalibreSync4Tests.swift */; };
		8CD75A0823A471C000C25612 /* CalibreSync4UITests.swift in Sources */ = {isa = PBXBuildFile; fileRef = 8CD75A0723A471C000C25612 /* CalibreSync4UITests.swift */; };
		8CD75A1823A4746300C25612 /* SetupView.swift in Sources */ = {isa = PBXBuildFile; fileRef = 8CD75A1723A4746300C25612 /* SetupView.swift */; };
		8CD75A1C23A474DA00C25612 /* AppView.swift in Sources */ = {isa = PBXBuildFile; fileRef = 8CD75A1B23A474DA00C25612 /* AppView.swift */; };
		8CD75A2023A475B800C25612 /* HomeView.swift in Sources */ = {isa = PBXBuildFile; fileRef = 8CD75A1F23A475B800C25612 /* HomeView.swift */; };
		8CD75A2223A475C900C25612 /* LibraryView.swift in Sources */ = {isa = PBXBuildFile; fileRef = 8CD75A2123A475C900C25612 /* LibraryView.swift */; };
		8CD75A2623A4785500C25612 /* Store.swift in Sources */ = {isa = PBXBuildFile; fileRef = 8CD75A2523A4785400C25612 /* Store.swift */; };
		8CD75A2923A4797600C25612 /* Published.swift in Sources */ = {isa = PBXBuildFile; fileRef = 8CD75A2823A4797600C25612 /* Published.swift */; };
/* End PBXBuildFile section */

/* Begin PBXContainerItemProxy section */
		8CD759F923A471BF00C25612 /* PBXContainerItemProxy */ = {
			isa = PBXContainerItemProxy;
			containerPortal = 8CD759DA23A471BB00C25612 /* Project object */;
			proxyType = 1;
			remoteGlobalIDString = 8CD759E123A471BB00C25612;
			remoteInfo = CalibreSync4;
		};
		8CD75A0423A471C000C25612 /* PBXContainerItemProxy */ = {
			isa = PBXContainerItemProxy;
			containerPortal = 8CD759DA23A471BB00C25612 /* Project object */;
			proxyType = 1;
			remoteGlobalIDString = 8CD759E123A471BB00C25612;
			remoteInfo = CalibreSync4;
		};
/* End PBXContainerItemProxy section */

/* Begin PBXFileReference section */
		8CD759E223A471BC00C25612 /* CalibreSync4.app */ = {isa = PBXFileReference; explicitFileType = wrapper.application; includeInIndex = 0; path = CalibreSync4.app; sourceTree = BUILT_PRODUCTS_DIR; };
		8CD759E523A471BC00C25612 /* AppDelegate.swift */ = {isa = PBXFileReference; lastKnownFileType = sourcecode.swift; path = AppDelegate.swift; sourceTree = "<group>"; };
		8CD759E723A471BC00C25612 /* SceneDelegate.swift */ = {isa = PBXFileReference; lastKnownFileType = sourcecode.swift; path = SceneDelegate.swift; sourceTree = "<group>"; };
		8CD759E923A471BC00C25612 /* ContentView.swift */ = {isa = PBXFileReference; lastKnownFileType = sourcecode.swift; path = ContentView.swift; sourceTree = "<group>"; };
		8CD759EB23A471BF00C25612 /* Assets.xcassets */ = {isa = PBXFileReference; lastKnownFileType = folder.assetcatalog; path = Assets.xcassets; sourceTree = "<group>"; };
		8CD759EE23A471BF00C25612 /* Preview Assets.xcassets */ = {isa = PBXFileReference; lastKnownFileType = folder.assetcatalog; path = "Preview Assets.xcassets"; sourceTree = "<group>"; };
		8CD759F123A471BF00C25612 /* Base */ = {isa = PBXFileReference; lastKnownFileType = file.storyboard; name = Base; path = Base.lproj/LaunchScreen.storyboard; sourceTree = "<group>"; };
		8CD759F323A471BF00C25612 /* Info.plist */ = {isa = PBXFileReference; lastKnownFileType = text.plist.xml; path = Info.plist; sourceTree = "<group>"; };
		8CD759F823A471BF00C25612 /* CalibreSync4Tests.xctest */ = {isa = PBXFileReference; explicitFileType = wrapper.cfbundle; includeInIndex = 0; path = CalibreSync4Tests.xctest; sourceTree = BUILT_PRODUCTS_DIR; };
		8CD759FC23A471C000C25612 /* CalibreSync4Tests.swift */ = {isa = PBXFileReference; lastKnownFileType = sourcecode.swift; path = CalibreSync4Tests.swift; sourceTree = "<group>"; };
		8CD759FE23A471C000C25612 /* Info.plist */ = {isa = PBXFileReference; lastKnownFileType = text.plist.xml; path = Info.plist; sourceTree = "<group>"; };
		8CD75A0323A471C000C25612 /* CalibreSync4UITests.xctest */ = {isa = PBXFileReference; explicitFileType = wrapper.cfbundle; includeInIndex = 0; path = CalibreSync4UITests.xctest; sourceTree = BUILT_PRODUCTS_DIR; };
		8CD75A0723A471C000C25612 /* CalibreSync4UITests.swift */ = {isa = PBXFileReference; lastKnownFileType = sourcecode.swift; path = CalibreSync4UITests.swift; sourceTree = "<group>"; };
		8CD75A0923A471C000C25612 /* Info.plist */ = {isa = PBXFileReference; lastKnownFileType = text.plist.xml; path = Info.plist; sourceTree = "<group>"; };
		8CD75A1723A4746300C25612 /* SetupView.swift */ = {isa = PBXFileReference; lastKnownFileType = sourcecode.swift; path = SetupView.swift; sourceTree = "<group>"; };
		8CD75A1B23A474DA00C25612 /* AppView.swift */ = {isa = PBXFileReference; lastKnownFileType = sourcecode.swift; path = AppView.swift; sourceTree = "<group>"; };
		8CD75A1F23A475B800C25612 /* HomeView.swift */ = {isa = PBXFileReference; lastKnownFileType = sourcecode.swift; path = HomeView.swift; sourceTree = "<group>"; };
		8CD75A2123A475C900C25612 /* LibraryView.swift */ = {isa = PBXFileReference; lastKnownFileType = sourcecode.swift; path = LibraryView.swift; sourceTree = "<group>"; };
		8CD75A2523A4785400C25612 /* Store.swift */ = {isa = PBXFileReference; lastKnownFileType = sourcecode.swift; path = Store.swift; sourceTree = "<group>"; };
		8CD75A2823A4797600C25612 /* Published.swift */ = {isa = PBXFileReference; lastKnownFileType = sourcecode.swift; path = Published.swift; sourceTree = "<group>"; };
/* End PBXFileReference section */

/* Begin PBXFrameworksBuildPhase section */
		8CD759DF23A471BB00C25612 /* Frameworks */ = {
			isa = PBXFrameworksBuildPhase;
			buildActionMask = 2147483647;
			files = (
			);
			runOnlyForDeploymentPostprocessing = 0;
		};
		8CD759F523A471BF00C25612 /* Frameworks */ = {
			isa = PBXFrameworksBuildPhase;
			buildActionMask = 2147483647;
			files = (
			);
			runOnlyForDeploymentPostprocessing = 0;
		};
		8CD75A0023A471C000C25612 /* Frameworks */ = {
			isa = PBXFrameworksBuildPhase;
			buildActionMask = 2147483647;
			files = (
			);
			runOnlyForDeploymentPostprocessing = 0;
		};
/* End PBXFrameworksBuildPhase section */

/* Begin PBXGroup section */
		8CD759D923A471BB00C25612 = {
			isa = PBXGroup;
			children = (
				8CD759E423A471BC00C25612 /* CalibreSync4 */,
				8CD759FB23A471BF00C25612 /* CalibreSync4Tests */,
				8CD75A0623A471C000C25612 /* CalibreSync4UITests */,
				8CD759E323A471BC00C25612 /* Products */,
			);
			sourceTree = "<group>";
		};
		8CD759E323A471BC00C25612 /* Products */ = {
			isa = PBXGroup;
			children = (
				8CD759E223A471BC00C25612 /* CalibreSync4.app */,
				8CD759F823A471BF00C25612 /* CalibreSync4Tests.xctest */,
				8CD75A0323A471C000C25612 /* CalibreSync4UITests.xctest */,
			);
			name = Products;
			sourceTree = "<group>";
		};
		8CD759E423A471BC00C25612 /* CalibreSync4 */ = {
			isa = PBXGroup;
			children = (
				8CD75A1523A4727800C25612 /* Delegates */,
				8CD75A2A23A4797C00C25612 /* Property Wrappers */,
				8CD75A2723A4786900C25612 /* Stores */,
				8CD75A1623A4729700C25612 /* Views */,
				8CD759EB23A471BF00C25612 /* Assets.xcassets */,
				8CD759F023A471BF00C25612 /* LaunchScreen.storyboard */,
				8CD759F323A471BF00C25612 /* Info.plist */,
				8CD759ED23A471BF00C25612 /* Preview Content */,
			);
			path = CalibreSync4;
			sourceTree = "<group>";
		};
		8CD759ED23A471BF00C25612 /* Preview Content */ = {
			isa = PBXGroup;
			children = (
				8CD759EE23A471BF00C25612 /* Preview Assets.xcassets */,
			);
			path = "Preview Content";
			sourceTree = "<group>";
		};
		8CD759FB23A471BF00C25612 /* CalibreSync4Tests */ = {
			isa = PBXGroup;
			children = (
				8CD759FC23A471C000C25612 /* CalibreSync4Tests.swift */,
				8CD759FE23A471C000C25612 /* Info.plist */,
			);
			path = CalibreSync4Tests;
			sourceTree = "<group>";
		};
		8CD75A0623A471C000C25612 /* CalibreSync4UITests */ = {
			isa = PBXGroup;
			children = (
				8CD75A0723A471C000C25612 /* CalibreSync4UITests.swift */,
				8CD75A0923A471C000C25612 /* Info.plist */,
			);
			path = CalibreSync4UITests;
			sourceTree = "<group>";
		};
		8CD75A1523A4727800C25612 /* Delegates */ = {
			isa = PBXGroup;
			children = (
				8CD759E523A471BC00C25612 /* AppDelegate.swift */,
				8CD759E723A471BC00C25612 /* SceneDelegate.swift */,
			);
			path = Delegates;
			sourceTree = "<group>";
		};
		8CD75A1623A4729700C25612 /* Views */ = {
			isa = PBXGroup;
			children = (
				8CD75A1D23A474E500C25612 /* SetupView */,
				8CD75A1E23A474F800C25612 /* AppView */,
				8CD759E923A471BC00C25612 /* ContentView.swift */,
			);
			path = Views;
			sourceTree = "<group>";
		};
		8CD75A1D23A474E500C25612 /* SetupView */ = {
			isa = PBXGroup;
			children = (
				8CD75A1723A4746300C25612 /* SetupView.swift */,
			);
			path = SetupView;
			sourceTree = "<group>";
		};
		8CD75A1E23A474F800C25612 /* AppView */ = {
			isa = PBXGroup;
			children = (
				8CD75A2323A475D200C25612 /* HomeView */,
				8CD75A2423A475D900C25612 /* LibraryView */,
				8CD75A1B23A474DA00C25612 /* AppView.swift */,
			);
			path = AppView;
			sourceTree = "<group>";
		};
		8CD75A2323A475D200C25612 /* HomeView */ = {
			isa = PBXGroup;
			children = (
				8CD75A1F23A475B800C25612 /* HomeView.swift */,
			);
			path = HomeView;
			sourceTree = "<group>";
		};
		8CD75A2423A475D900C25612 /* LibraryView */ = {
			isa = PBXGroup;
			children = (
				8CD75A2123A475C900C25612 /* LibraryView.swift */,
			);
			path = LibraryView;
			sourceTree = "<group>";
		};
		8CD75A2723A4786900C25612 /* Stores */ = {
			isa = PBXGroup;
			children = (
				8CD75A2523A4785400C25612 /* Store.swift */,
			);
			path = Stores;
			sourceTree = "<group>";
		};
		8CD75A2A23A4797C00C25612 /* Property Wrappers */ = {
			isa = PBXGroup;
			children = (
				8CD75A2823A4797600C25612 /* Published.swift */,
			);
			path = "Property Wrappers";
			sourceTree = "<group>";
		};
/* End PBXGroup section */

/* Begin PBXNativeTarget section */
		8CD759E123A471BB00C25612 /* CalibreSync4 */ = {
			isa = PBXNativeTarget;
			buildConfigurationList = 8CD75A0C23A471C000C25612 /* Build configuration list for PBXNativeTarget "CalibreSync4" */;
			buildPhases = (
				8CD759DE23A471BB00C25612 /* Sources */,
				8CD759DF23A471BB00C25612 /* Frameworks */,
				8CD759E023A471BB00C25612 /* Resources */,
			);
			buildRules = (
			);
			dependencies = (
			);
			name = CalibreSync4;
			productName = CalibreSync4;
			productReference = 8CD759E223A471BC00C25612 /* CalibreSync4.app */;
			productType = "com.apple.product-type.application";
		};
		8CD759F723A471BF00C25612 /* CalibreSync4Tests */ = {
			isa = PBXNativeTarget;
			buildConfigurationList = 8CD75A0F23A471C000C25612 /* Build configuration list for PBXNativeTarget "CalibreSync4Tests" */;
			buildPhases = (
				8CD759F423A471BF00C25612 /* Sources */,
				8CD759F523A471BF00C25612 /* Frameworks */,
				8CD759F623A471BF00C25612 /* Resources */,
			);
			buildRules = (
			);
			dependencies = (
				8CD759FA23A471BF00C25612 /* PBXTargetDependency */,
			);
			name = CalibreSync4Tests;
			productName = CalibreSync4Tests;
			productReference = 8CD759F823A471BF00C25612 /* CalibreSync4Tests.xctest */;
			productType = "com.apple.product-type.bundle.unit-test";
		};
		8CD75A0223A471C000C25612 /* CalibreSync4UITests */ = {
			isa = PBXNativeTarget;
			buildConfigurationList = 8CD75A1223A471C000C25612 /* Build configuration list for PBXNativeTarget "CalibreSync4UITests" */;
			buildPhases = (
				8CD759FF23A471C000C25612 /* Sources */,
				8CD75A0023A471C000C25612 /* Frameworks */,
				8CD75A0123A471C000C25612 /* Resources */,
			);
			buildRules = (
			);
			dependencies = (
				8CD75A0523A471C000C25612 /* PBXTargetDependency */,
			);
			name = CalibreSync4UITests;
			productName = CalibreSync4UITests;
			productReference = 8CD75A0323A471C000C25612 /* CalibreSync4UITests.xctest */;
			productType = "com.apple.product-type.bundle.ui-testing";
		};
/* End PBXNativeTarget section */

/* Begin PBXProject section */
		8CD759DA23A471BB00C25612 /* Project object */ = {
			isa = PBXProject;
			attributes = {
				LastSwiftUpdateCheck = 1130;
				LastUpgradeCheck = 1130;
				ORGANIZATIONNAME = "Sumanth Peddamatham";
				TargetAttributes = {
					8CD759E123A471BB00C25612 = {
						CreatedOnToolsVersion = 11.3;
					};
					8CD759F723A471BF00C25612 = {
						CreatedOnToolsVersion = 11.3;
						TestTargetID = 8CD759E123A471BB00C25612;
					};
					8CD75A0223A471C000C25612 = {
						CreatedOnToolsVersion = 11.3;
						TestTargetID = 8CD759E123A471BB00C25612;
					};
				};
			};
			buildConfigurationList = 8CD759DD23A471BB00C25612 /* Build configuration list for PBXProject "CalibreSync4" */;
			compatibilityVersion = "Xcode 9.3";
			developmentRegion = en;
			hasScannedForEncodings = 0;
			knownRegions = (
				en,
				Base,
			);
			mainGroup = 8CD759D923A471BB00C25612;
			productRefGroup = 8CD759E323A471BC00C25612 /* Products */;
			projectDirPath = "";
			projectRoot = "";
			targets = (
				8CD759E123A471BB00C25612 /* CalibreSync4 */,
				8CD759F723A471BF00C25612 /* CalibreSync4Tests */,
				8CD75A0223A471C000C25612 /* CalibreSync4UITests */,
			);
		};
/* End PBXProject section */

/* Begin PBXResourcesBuildPhase section */
		8CD759E023A471BB00C25612 /* Resources */ = {
			isa = PBXResourcesBuildPhase;
			buildActionMask = 2147483647;
			files = (
				8CD759F223A471BF00C25612 /* LaunchScreen.storyboard in Resources */,
				8CD759EF23A471BF00C25612 /* Preview Assets.xcassets in Resources */,
				8CD759EC23A471BF00C25612 /* Assets.xcassets in Resources */,
			);
			runOnlyForDeploymentPostprocessing = 0;
		};
		8CD759F623A471BF00C25612 /* Resources */ = {
			isa = PBXResourcesBuildPhase;
			buildActionMask = 2147483647;
			files = (
			);
			runOnlyForDeploymentPostprocessing = 0;
		};
		8CD75A0123A471C000C25612 /* Resources */ = {
			isa = PBXResourcesBuildPhase;
			buildActionMask = 2147483647;
			files = (
			);
			runOnlyForDeploymentPostprocessing = 0;
		};
/* End PBXResourcesBuildPhase section */

/* Begin PBXSourcesBuildPhase section */
		8CD759DE23A471BB00C25612 /* Sources */ = {
			isa = PBXSourcesBuildPhase;
			buildActionMask = 2147483647;
			files = (
				8CD75A2223A475C900C25612 /* LibraryView.swift in Sources */,
				8CD75A1C23A474DA00C25612 /* AppView.swift in Sources */,
				8CD759E623A471BC00C25612 /* AppDelegate.swift in Sources */,
				8CD75A2623A4785500C25612 /* Store.swift in Sources */,
				8CD75A2923A4797600C25612 /* Published.swift in Sources */,
				8CD759E823A471BC00C25612 /* SceneDelegate.swift in Sources */,
				8CD75A2023A475B800C25612 /* HomeView.swift in Sources */,
				8CD75A1823A4746300C25612 /* SetupView.swift in Sources */,
				8CD759EA23A471BC00C25612 /* ContentView.swift in Sources */,
			);
			runOnlyForDeploymentPostprocessing = 0;
		};
		8CD759F423A471BF00C25612 /* Sources */ = {
			isa = PBXSourcesBuildPhase;
			buildActionMask = 2147483647;
			files = (
				8CD759FD23A471C000C25612 /* CalibreSync4Tests.swift in Sources */,
			);
			runOnlyForDeploymentPostprocessing = 0;
		};
		8CD759FF23A471C000C25612 /* Sources */ = {
			isa = PBXSourcesBuildPhase;
			buildActionMask = 2147483647;
			files = (
				8CD75A0823A471C000C25612 /* CalibreSync4UITests.swift in Sources */,
			);
			runOnlyForDeploymentPostprocessing = 0;
		};
/* End PBXSourcesBuildPhase section */

/* Begin PBXTargetDependency section */
		8CD759FA23A471BF00C25612 /* PBXTargetDependency */ = {
			isa = PBXTargetDependency;
			target = 8CD759E123A471BB00C25612 /* CalibreSync4 */;
			targetProxy = 8CD759F923A471BF00C25612 /* PBXContainerItemProxy */;
		};
		8CD75A0523A471C000C25612 /* PBXTargetDependency */ = {
			isa = PBXTargetDependency;
			target = 8CD759E123A471BB00C25612 /* CalibreSync4 */;
			targetProxy = 8CD75A0423A471C000C25612 /* PBXContainerItemProxy */;
		};
/* End PBXTargetDependency section */

/* Begin PBXVariantGroup section */
		8CD759F023A471BF00C25612 /* LaunchScreen.storyboard */ = {
			isa = PBXVariantGroup;
			children = (
				8CD759F123A471BF00C25612 /* Base */,
			);
			name = LaunchScreen.storyboard;
			sourceTree = "<group>";
		};
/* End PBXVariantGroup section */

/* Begin XCBuildConfiguration section */
		8CD75A0A23A471C000C25612 /* Debug */ = {
			isa = XCBuildConfiguration;
			buildSettings = {
				ALWAYS_SEARCH_USER_PATHS = NO;
				CLANG_ANALYZER_NONNULL = YES;
				CLANG_ANALYZER_NUMBER_OBJECT_CONVERSION = YES_AGGRESSIVE;
				CLANG_CXX_LANGUAGE_STANDARD = "gnu++14";
				CLANG_CXX_LIBRARY = "libc++";
				CLANG_ENABLE_MODULES = YES;
				CLANG_ENABLE_OBJC_ARC = YES;
				CLANG_ENABLE_OBJC_WEAK = YES;
				CLANG_WARN_BLOCK_CAPTURE_AUTORELEASING = YES;
				CLANG_WARN_BOOL_CONVERSION = YES;
				CLANG_WARN_COMMA = YES;
				CLANG_WARN_CONSTANT_CONVERSION = YES;
				CLANG_WARN_DEPRECATED_OBJC_IMPLEMENTATIONS = YES;
				CLANG_WARN_DIRECT_OBJC_ISA_USAGE = YES_ERROR;
				CLANG_WARN_DOCUMENTATION_COMMENTS = YES;
				CLANG_WARN_EMPTY_BODY = YES;
				CLANG_WARN_ENUM_CONVERSION = YES;
				CLANG_WARN_INFINITE_RECURSION = YES;
				CLANG_WARN_INT_CONVERSION = YES;
				CLANG_WARN_NON_LITERAL_NULL_CONVERSION = YES;
				CLANG_WARN_OBJC_IMPLICIT_RETAIN_SELF = YES;
				CLANG_WARN_OBJC_LITERAL_CONVERSION = YES;
				CLANG_WARN_OBJC_ROOT_CLASS = YES_ERROR;
				CLANG_WARN_RANGE_LOOP_ANALYSIS = YES;
				CLANG_WARN_STRICT_PROTOTYPES = YES;
				CLANG_WARN_SUSPICIOUS_MOVE = YES;
				CLANG_WARN_UNGUARDED_AVAILABILITY = YES_AGGRESSIVE;
				CLANG_WARN_UNREACHABLE_CODE = YES;
				CLANG_WARN__DUPLICATE_METHOD_MATCH = YES;
				COPY_PHASE_STRIP = NO;
				DEBUG_INFORMATION_FORMAT = dwarf;
				ENABLE_STRICT_OBJC_MSGSEND = YES;
				ENABLE_TESTABILITY = YES;
				GCC_C_LANGUAGE_STANDARD = gnu11;
				GCC_DYNAMIC_NO_PIC = NO;
				GCC_NO_COMMON_BLOCKS = YES;
				GCC_OPTIMIZATION_LEVEL = 0;
				GCC_PREPROCESSOR_DEFINITIONS = (
					"DEBUG=1",
					"$(inherited)",
				);
				GCC_WARN_64_TO_32_BIT_CONVERSION = YES;
				GCC_WARN_ABOUT_RETURN_TYPE = YES_ERROR;
				GCC_WARN_UNDECLARED_SELECTOR = YES;
				GCC_WARN_UNINITIALIZED_AUTOS = YES_AGGRESSIVE;
				GCC_WARN_UNUSED_FUNCTION = YES;
				GCC_WARN_UNUSED_VARIABLE = YES;
				IPHONEOS_DEPLOYMENT_TARGET = 13.2;
				MTL_ENABLE_DEBUG_INFO = INCLUDE_SOURCE;
				MTL_FAST_MATH = YES;
				ONLY_ACTIVE_ARCH = YES;
				SDKROOT = iphoneos;
				SWIFT_ACTIVE_COMPILATION_CONDITIONS = DEBUG;
				SWIFT_OPTIMIZATION_LEVEL = "-Onone";
			};
			name = Debug;
		};
		8CD75A0B23A471C000C25612 /* Release */ = {
			isa = XCBuildConfiguration;
			buildSettings = {
				ALWAYS_SEARCH_USER_PATHS = NO;
				CLANG_ANALYZER_NONNULL = YES;
				CLANG_ANALYZER_NUMBER_OBJECT_CONVERSION = YES_AGGRESSIVE;
				CLANG_CXX_LANGUAGE_STANDARD = "gnu++14";
				CLANG_CXX_LIBRARY = "libc++";
				CLANG_ENABLE_MODULES = YES;
				CLANG_ENABLE_OBJC_ARC = YES;
				CLANG_ENABLE_OBJC_WEAK = YES;
				CLANG_WARN_BLOCK_CAPTURE_AUTORELEASING = YES;
				CLANG_WARN_BOOL_CONVERSION = YES;
				CLANG_WARN_COMMA = YES;
				CLANG_WARN_CONSTANT_CONVERSION = YES;
				CLANG_WARN_DEPRECATED_OBJC_IMPLEMENTATIONS = YES;
				CLANG_WARN_DIRECT_OBJC_ISA_USAGE = YES_ERROR;
				CLANG_WARN_DOCUMENTATION_COMMENTS = YES;
				CLANG_WARN_EMPTY_BODY = YES;
				CLANG_WARN_ENUM_CONVERSION = YES;
				CLANG_WARN_INFINITE_RECURSION = YES;
				CLANG_WARN_INT_CONVERSION = YES;
				CLANG_WARN_NON_LITERAL_NULL_CONVERSION = YES;
				CLANG_WARN_OBJC_IMPLICIT_RETAIN_SELF = YES;
				CLANG_WARN_OBJC_LITERAL_CONVERSION = YES;
				CLANG_WARN_OBJC_ROOT_CLASS = YES_ERROR;
				CLANG_WARN_RANGE_LOOP_ANALYSIS = YES;
				CLANG_WARN_STRICT_PROTOTYPES = YES;
				CLANG_WARN_SUSPICIOUS_MOVE = YES;
				CLANG_WARN_UNGUARDED_AVAILABILITY = YES_AGGRESSIVE;
				CLANG_WARN_UNREACHABLE_CODE = YES;
				CLANG_WARN__DUPLICATE_METHOD_MATCH = YES;
				COPY_PHASE_STRIP = NO;
				DEBUG_INFORMATION_FORMAT = "dwarf-with-dsym";
				ENABLE_NS_ASSERTIONS = NO;
				ENABLE_STRICT_OBJC_MSGSEND = YES;
				GCC_C_LANGUAGE_STANDARD = gnu11;
				GCC_NO_COMMON_BLOCKS = YES;
				GCC_WARN_64_TO_32_BIT_CONVERSION = YES;
				GCC_WARN_ABOUT_RETURN_TYPE = YES_ERROR;
				GCC_WARN_UNDECLARED_SELECTOR = YES;
				GCC_WARN_UNINITIALIZED_AUTOS = YES_AGGRESSIVE;
				GCC_WARN_UNUSED_FUNCTION = YES;
				GCC_WARN_UNUSED_VARIABLE = YES;
				IPHONEOS_DEPLOYMENT_TARGET = 13.2;
				MTL_ENABLE_DEBUG_INFO = NO;
				MTL_FAST_MATH = YES;
				SDKROOT = iphoneos;
				SWIFT_COMPILATION_MODE = wholemodule;
				SWIFT_OPTIMIZATION_LEVEL = "-O";
				VALIDATE_PRODUCT = YES;
			};
			name = Release;
		};
		8CD75A0D23A471C000C25612 /* Debug */ = {
			isa = XCBuildConfiguration;
			buildSettings = {
				ASSETCATALOG_COMPILER_APPICON_NAME = AppIcon;
				CODE_SIGN_STYLE = Automatic;
				DEVELOPMENT_ASSET_PATHS = "\"CalibreSync4/Preview Content\"";
				DEVELOPMENT_TEAM = 76PMGHFNNX;
				ENABLE_PREVIEWS = YES;
				INFOPLIST_FILE = CalibreSync4/Info.plist;
				LD_RUNPATH_SEARCH_PATHS = (
					"$(inherited)",
					"@executable_path/Frameworks",
				);
				PRODUCT_BUNDLE_IDENTIFIER = io.technogystrategy.CalibreSync4;
				PRODUCT_NAME = "$(TARGET_NAME)";
				SWIFT_VERSION = 5.0;
				TARGETED_DEVICE_FAMILY = "1,2";
			};
			name = Debug;
		};
		8CD75A0E23A471C000C25612 /* Release */ = {
			isa = XCBuildConfiguration;
			buildSettings = {
				ASSETCATALOG_COMPILER_APPICON_NAME = AppIcon;
				CODE_SIGN_STYLE = Automatic;
				DEVELOPMENT_ASSET_PATHS = "\"CalibreSync4/Preview Content\"";
				DEVELOPMENT_TEAM = 76PMGHFNNX;
				ENABLE_PREVIEWS = YES;
				INFOPLIST_FILE = CalibreSync4/Info.plist;
				LD_RUNPATH_SEARCH_PATHS = (
					"$(inherited)",
					"@executable_path/Frameworks",
				);
				PRODUCT_BUNDLE_IDENTIFIER = io.technogystrategy.CalibreSync4;
				PRODUCT_NAME = "$(TARGET_NAME)";
				SWIFT_VERSION = 5.0;
				TARGETED_DEVICE_FAMILY = "1,2";
			};
			name = Release;
		};
		8CD75A1023A471C000C25612 /* Debug */ = {
			isa = XCBuildConfiguration;
			buildSettings = {
				ALWAYS_EMBED_SWIFT_STANDARD_LIBRARIES = YES;
				BUNDLE_LOADER = "$(TEST_HOST)";
				CODE_SIGN_STYLE = Automatic;
				DEVELOPMENT_TEAM = 76PMGHFNNX;
				INFOPLIST_FILE = CalibreSync4Tests/Info.plist;
				IPHONEOS_DEPLOYMENT_TARGET = 13.2;
				LD_RUNPATH_SEARCH_PATHS = (
					"$(inherited)",
					"@executable_path/Frameworks",
					"@loader_path/Frameworks",
				);
				PRODUCT_BUNDLE_IDENTIFIER = io.technogystrategy.CalibreSync4Tests;
				PRODUCT_NAME = "$(TARGET_NAME)";
				SWIFT_VERSION = 5.0;
				TARGETED_DEVICE_FAMILY = "1,2";
				TEST_HOST = "$(BUILT_PRODUCTS_DIR)/CalibreSync4.app/CalibreSync4";
			};
			name = Debug;
		};
		8CD75A1123A471C000C25612 /* Release */ = {
			isa = XCBuildConfiguration;
			buildSettings = {
				ALWAYS_EMBED_SWIFT_STANDARD_LIBRARIES = YES;
				BUNDLE_LOADER = "$(TEST_HOST)";
				CODE_SIGN_STYLE = Automatic;
				DEVELOPMENT_TEAM = 76PMGHFNNX;
				INFOPLIST_FILE = CalibreSync4Tests/Info.plist;
				IPHONEOS_DEPLOYMENT_TARGET = 13.2;
				LD_RUNPATH_SEARCH_PATHS = (
					"$(inherited)",
					"@executable_path/Frameworks",
					"@loader_path/Frameworks",
				);
				PRODUCT_BUNDLE_IDENTIFIER = io.technogystrategy.CalibreSync4Tests;
				PRODUCT_NAME = "$(TARGET_NAME)";
				SWIFT_VERSION = 5.0;
				TARGETED_DEVICE_FAMILY = "1,2";
				TEST_HOST = "$(BUILT_PRODUCTS_DIR)/CalibreSync4.app/CalibreSync4";
			};
			name = Release;
		};
		8CD75A1323A471C000C25612 /* Debug */ = {
			isa = XCBuildConfiguration;
			buildSettings = {
				ALWAYS_EMBED_SWIFT_STANDARD_LIBRARIES = YES;
				CODE_SIGN_STYLE = Automatic;
				DEVELOPMENT_TEAM = 76PMGHFNNX;
				INFOPLIST_FILE = CalibreSync4UITests/Info.plist;
				LD_RUNPATH_SEARCH_PATHS = (
					"$(inherited)",
					"@executable_path/Frameworks",
					"@loader_path/Frameworks",
				);
				PRODUCT_BUNDLE_IDENTIFIER = io.technogystrategy.CalibreSync4UITests;
				PRODUCT_NAME = "$(TARGET_NAME)";
				SWIFT_VERSION = 5.0;
				TARGETED_DEVICE_FAMILY = "1,2";
				TEST_TARGET_NAME = CalibreSync4;
			};
			name = Debug;
		};
		8CD75A1423A471C000C25612 /* Release */ = {
			isa = XCBuildConfiguration;
			buildSettings = {
				ALWAYS_EMBED_SWIFT_STANDARD_LIBRARIES = YES;
				CODE_SIGN_STYLE = Automatic;
				DEVELOPMENT_TEAM = 76PMGHFNNX;
				INFOPLIST_FILE = CalibreSync4UITests/Info.plist;
				LD_RUNPATH_SEARCH_PATHS = (
					"$(inherited)",
					"@executable_path/Frameworks",
					"@loader_path/Frameworks",
				);
				PRODUCT_BUNDLE_IDENTIFIER = io.technogystrategy.CalibreSync4UITests;
				PRODUCT_NAME = "$(TARGET_NAME)";
				SWIFT_VERSION = 5.0;
				TARGETED_DEVICE_FAMILY = "1,2";
				TEST_TARGET_NAME = CalibreSync4;
			};
			name = Release;
		};
/* End XCBuildConfiguration section */

/* Begin XCConfigurationList section */
		8CD759DD23A471BB00C25612 /* Build configuration list for PBXProject "CalibreSync4" */ = {
			isa = XCConfigurationList;
			buildConfigurations = (
				8CD75A0A23A471C000C25612 /* Debug */,
				8CD75A0B23A471C000C25612 /* Release */,
			);
			defaultConfigurationIsVisible = 0;
			defaultConfigurationName = Release;
		};
		8CD75A0C23A471C000C25612 /* Build configuration list for PBXNativeTarget "CalibreSync4" */ = {
			isa = XCConfigurationList;
			buildConfigurations = (
				8CD75A0D23A471C000C25612 /* Debug */,
				8CD75A0E23A471C000C25612 /* Release */,
			);
			defaultConfigurationIsVisible = 0;
			defaultConfigurationName = Release;
		};
		8CD75A0F23A471C000C25612 /* Build configuration list for PBXNativeTarget "CalibreSync4Tests" */ = {
			isa = XCConfigurationList;
			buildConfigurations = (
				8CD75A1023A471C000C25612 /* Debug */,
				8CD75A1123A471C000C25612 /* Release */,
			);
			defaultConfigurationIsVisible = 0;
			defaultConfigurationName = Release;
		};
		8CD75A1223A471C000C25612 /* Build configuration list for PBXNativeTarget "CalibreSync4UITests" */ = {
			isa = XCConfigurationList;
			buildConfigurations = (
				8CD75A1323A471C000C25612 /* Debug */,
				8CD75A1423A471C000C25612 /* Release */,
			);
			defaultConfigurationIsVisible = 0;
			defaultConfigurationName = Release;
		};
/* End XCConfigurationList section */
	};
	rootObject = 8CD759DA23A471BB00C25612 /* Project object */;
}
